
Microsoft Visual Studio Solution File, Format Version 12.00
Project("{FAE04EC0-301F-11D3-BF4B-00C04F79EFBC}") = "SqlBulkCopyHelper", "SqlBulkCopyHelper\SqlBulkCopyHelper.csproj", "{ED9AD591-405D-4A1B-AE59-CEC4071E7B5B}"
EndProject
Project("{FAE04EC0-301F-11D3-BF4B-00C04F79EFBC}") = "SqlBulkCopyHelper.Tests", "SqlBulkCopyHelper.Tests\SqlBulkCopyHelper.Tests.csproj", "{E7554E2C-5C0D-47C8-9085-94F149C15F37}"
EndProject
Global
	GlobalSection(SolutionConfigurationPlatforms) = preSolution
		Debug|Any CPU = Debug|Any CPU
		Release|Any CPU = Release|Any CPU
	EndGlobalSection
	GlobalSection(ProjectConfigurationPlatforms) = postSolution
		{ED9AD591-405D-4A1B-AE59-CEC4071E7B5B}.Debug|Any CPU.ActiveCfg = Debug|Any CPU
		{ED9AD591-405D-4A1B-AE59-CEC4071E7B5B}.Debug|Any CPU.Build.0 = Debug|Any CPU
		{ED9AD591-405D-4A1B-AE59-CEC4071E7B5B}.Release|Any CPU.ActiveCfg = Release|Any CPU
		{ED9AD591-405D-4A1B-AE59-CEC4071E7B5B}.Release|Any CPU.Build.0 = Release|Any CPU
		{E7554E2C-5C0D-47C8-9085-94F149C15F37}.Debug|Any CPU.ActiveCfg = Debug|Any CPU
		{E7554E2C-5C0D-47C8-9085-94F149C15F37}.Debug|Any CPU.Build.0 = Debug|Any CPU
		{E7554E2C-5C0D-47C8-9085-94F149C15F37}.Release|Any CPU.ActiveCfg = Release|Any CPU
		{E7554E2C-5C0D-47C8-9085-94F149C15F37}.Release|Any CPU.Build.0 = Release|Any CPU
	EndGlobalSection
EndGlobal
